
Microsoft Visual Studio Solution File, Format Version 12.00
# Visual Studio Version 17
VisualStudioVersion = 17.0.31919.166
MinimumVisualStudioVersion = 10.0.40219.1
Project("{FAE04EC0-301F-11D3-BF4B-00C04F79EFBC}") = "LussoniWebApp.Server", "LussoniWebApp\Server\LussoniWebApp.Server.csproj", "{F4B01344-D50F-4241-A4C0-930C2A0940E9}"
EndProject
Project("{FAE04EC0-301F-11D3-BF4B-00C04F79EFBC}") = "LussoniWebApp.Client", "LussoniWebApp\Client\LussoniWebApp.Client.csproj", "{07CD6A67-F980-4AB7-BF60-FB9F2C606E22}"
EndProject
Project("{FAE04EC0-301F-11D3-BF4B-00C04F79EFBC}") = "LussoniWebApp.Shared", "LussoniWebApp\Shared\LussoniWebApp.Shared.csproj", "{D729D0DD-E91F-4054-B08A-9F47C6714931}"
EndProject
Global
	GlobalSection(SolutionConfigurationPlatforms) = preSolution
		Debug|Any CPU = Debug|Any CPU
		Release|Any CPU = Release|Any CPU
	EndGlobalSection
	GlobalSection(ProjectConfigurationPlatforms) = postSolution
		{F4B01344-D50F-4241-A4C0-930C2A0940E9}.Debug|Any CPU.ActiveCfg = Debug|Any CPU
		{F4B01344-D50F-4241-A4C0-930C2A0940E9}.Debug|Any CPU.Build.0 = Debug|Any CPU
		{F4B01344-D50F-4241-A4C0-930C2A0940E9}.Release|Any CPU.ActiveCfg = Release|Any CPU
		{F4B01344-D50F-4241-A4C0-930C2A0940E9}.Release|Any CPU.Build.0 = Release|Any CPU
		{07CD6A67-F980-4AB7-BF60-FB9F2C606E22}.Debug|Any CPU.ActiveCfg = Debug|Any CPU
		{07CD6A67-F980-4AB7-BF60-FB9F2C606E22}.Debug|Any CPU.Build.0 = Debug|Any CPU
		{07CD6A67-F980-4AB7-BF60-FB9F2C606E22}.Release|Any CPU.ActiveCfg = Release|Any CPU
		{07CD6A67-F980-4AB7-BF60-FB9F2C606E22}.Release|Any CPU.Build.0 = Release|Any CPU
		{D729D0DD-E91F-4054-B08A-9F47C6714931}.Debug|Any CPU.ActiveCfg = Debug|Any CPU
		{D729D0DD-E91F-4054-B08A-9F47C6714931}.Debug|Any CPU.Build.0 = Debug|Any CPU
		{D729D0DD-E91F-4054-B08A-9F47C6714931}.Release|Any CPU.ActiveCfg = Release|Any CPU
		{D729D0DD-E91F-4054-B08A-9F47C6714931}.Release|Any CPU.Build.0 = Release|Any CPU
	EndGlobalSection
	GlobalSection(SolutionProperties) = preSolution
		HideSolutionNode = FALSE
	EndGlobalSection
	GlobalSection(ExtensibilityGlobals) = postSolution
		SolutionGuid = {CE693530-3F4A-4FA0-8E5F-3D782F7D537C}
	EndGlobalSection
EndGlobal
